
Microsoft Visual Studio Solution File, Format Version 12.00
# Visual Studio Version 17
VisualStudioVersion = 17.1.32319.34
MinimumVisualStudioVersion = 10.0.40219.1
Project("{FAE04EC0-301F-11D3-BF4B-00C04F79EFBC}") = "SD.IT.Order.API", "SD.IT.Order.API\SD.IT.Order.API.csproj", "{9276EA0A-ADC1-4A9A-838E-5A613AB20F4A}"
EndProject
Global
	GlobalSection(SolutionConfigurationPlatforms) = preSolution
		Debug|Any CPU = Debug|Any CPU
		Release|Any CPU = Release|Any CPU
	EndGlobalSection
	GlobalSection(ProjectConfigurationPlatforms) = postSolution
		{9276EA0A-ADC1-4A9A-838E-5A613AB20F4A}.Debug|Any CPU.ActiveCfg = Debug|Any CPU
		{9276EA0A-ADC1-4A9A-838E-5A613AB20F4A}.Debug|Any CPU.Build.0 = Debug|Any CPU
		{9276EA0A-ADC1-4A9A-838E-5A613AB20F4A}.Release|Any CPU.ActiveCfg = Release|Any CPU
		{9276EA0A-ADC1-4A9A-838E-5A613AB20F4A}.Release|Any CPU.Build.0 = Release|Any CPU
	EndGlobalSection
	GlobalSection(SolutionProperties) = preSolution
		HideSolutionNode = FALSE
	EndGlobalSection
	GlobalSection(ExtensibilityGlobals) = postSolution
		SolutionGuid = {C508CF46-3000-4012-AF2C-C6A4A4943538}
	EndGlobalSection
EndGlobal
